
Microsoft Visual Studio Solution File, Format Version 12.00
# Visual Studio Version 16
VisualStudioVersion = 16.0.29001.49
MinimumVisualStudioVersion = 10.0.40219.1
Project("{9A19103F-16F7-4668-BE54-9A1E7A4F7556}") = "ModelCreator", "PdfPostprocess\ModelCreator.csproj", "{50B87210-7C52-4CEB-9F29-4A820754E1D6}"
EndProject
Project("{FAE04EC0-301F-11D3-BF4B-00C04F79EFBC}") = "PdfPostprocessor", "PdfPostprocessor\PdfPostprocessor.csproj", "{80D77ADD-0067-443A-9CE5-93AB414BC2C3}"
EndProject
Project("{FAE04EC0-301F-11D3-BF4B-00C04F79EFBC}") = "MinimalUsageExample", "MinimalUsageExample\MinimalUsageExample.csproj", "{37A08BA9-55BB-4979-A2E2-74A0F6B4EC94}"
EndProject
Global
	GlobalSection(SolutionConfigurationPlatforms) = preSolution
		Debug|Any CPU = Debug|Any CPU
		Release|Any CPU = Release|Any CPU
	EndGlobalSection
	GlobalSection(ProjectConfigurationPlatforms) = postSolution
		{50B87210-7C52-4CEB-9F29-4A820754E1D6}.Debug|Any CPU.ActiveCfg = Debug|Any CPU
		{50B87210-7C52-4CEB-9F29-4A820754E1D6}.Debug|Any CPU.Build.0 = Debug|Any CPU
		{50B87210-7C52-4CEB-9F29-4A820754E1D6}.Release|Any CPU.ActiveCfg = Release|Any CPU
		{50B87210-7C52-4CEB-9F29-4A820754E1D6}.Release|Any CPU.Build.0 = Release|Any CPU
		{80D77ADD-0067-443A-9CE5-93AB414BC2C3}.Debug|Any CPU.ActiveCfg = Debug|Any CPU
		{80D77ADD-0067-443A-9CE5-93AB414BC2C3}.Debug|Any CPU.Build.0 = Debug|Any CPU
		{80D77ADD-0067-443A-9CE5-93AB414BC2C3}.Release|Any CPU.ActiveCfg = Release|Any CPU
		{80D77ADD-0067-443A-9CE5-93AB414BC2C3}.Release|Any CPU.Build.0 = Release|Any CPU
		{37A08BA9-55BB-4979-A2E2-74A0F6B4EC94}.Debug|Any CPU.ActiveCfg = Debug|Any CPU
		{37A08BA9-55BB-4979-A2E2-74A0F6B4EC94}.Debug|Any CPU.Build.0 = Debug|Any CPU
		{37A08BA9-55BB-4979-A2E2-74A0F6B4EC94}.Release|Any CPU.ActiveCfg = Release|Any CPU
		{37A08BA9-55BB-4979-A2E2-74A0F6B4EC94}.Release|Any CPU.Build.0 = Release|Any CPU
	EndGlobalSection
	GlobalSection(SolutionProperties) = preSolution
		HideSolutionNode = FALSE
	EndGlobalSection
	GlobalSection(ExtensibilityGlobals) = postSolution
		SolutionGuid = {44AECC99-878B-41F5-A283-F7FFA56FBA94}
	EndGlobalSection
EndGlobal
